
Microsoft Visual Studio Solution File, Format Version 12.00
# Visual Studio 15
VisualStudioVersion = 15.0.26124.0
MinimumVisualStudioVersion = 15.0.26124.0
Project("{FAE04EC0-301F-11D3-BF4B-00C04F79EFBC}") = "Revature.Address.Api", "Revature.Address.Api\Revature.Address.Api.csproj", "{31702692-BE95-4638-BBC1-9B034F9EFF5F}"
EndProject
Project("{FAE04EC0-301F-11D3-BF4B-00C04F79EFBC}") = "Revature.Address.Lib", "Revature.Address.Lib\Revature.Address.Lib.csproj", "{F92E3341-568D-47D3-B3E8-3108BCF3AC44}"
EndProject
Project("{FAE04EC0-301F-11D3-BF4B-00C04F79EFBC}") = "Revature.Address.DataAccess", "Revature.Address.DataAccess\Revature.Address.DataAccess.csproj", "{F7716F2A-E7EA-4572-AB19-4C3B0A714D97}"
EndProject
Project("{FAE04EC0-301F-11D3-BF4B-00C04F79EFBC}") = "Revature.Address.Tests", "Revature.Address.Tests\Revature.Address.Tests.csproj", "{9DC03EB8-9511-4317-884D-25C668DB73C5}"
EndProject
Global
	GlobalSection(SolutionConfigurationPlatforms) = preSolution
		Debug|Any CPU = Debug|Any CPU
		Debug|x64 = Debug|x64
		Debug|x86 = Debug|x86
		Release|Any CPU = Release|Any CPU
		Release|x64 = Release|x64
		Release|x86 = Release|x86
	EndGlobalSection
	GlobalSection(SolutionProperties) = preSolution
		HideSolutionNode = FALSE
	EndGlobalSection
	GlobalSection(ProjectConfigurationPlatforms) = postSolution
		{31702692-BE95-4638-BBC1-9B034F9EFF5F}.Debug|Any CPU.ActiveCfg = Debug|Any CPU
		{31702692-BE95-4638-BBC1-9B034F9EFF5F}.Debug|Any CPU.Build.0 = Debug|Any CPU
		{31702692-BE95-4638-BBC1-9B034F9EFF5F}.Debug|x64.ActiveCfg = Debug|Any CPU
		{31702692-BE95-4638-BBC1-9B034F9EFF5F}.Debug|x64.Build.0 = Debug|Any CPU
		{31702692-BE95-4638-BBC1-9B034F9EFF5F}.Debug|x86.ActiveCfg = Debug|Any CPU
		{31702692-BE95-4638-BBC1-9B034F9EFF5F}.Debug|x86.Build.0 = Debug|Any CPU
		{31702692-BE95-4638-BBC1-9B034F9EFF5F}.Release|Any CPU.ActiveCfg = Release|Any CPU
		{31702692-BE95-4638-BBC1-9B034F9EFF5F}.Release|Any CPU.Build.0 = Release|Any CPU
		{31702692-BE95-4638-BBC1-9B034F9EFF5F}.Release|x64.ActiveCfg = Release|Any CPU
		{31702692-BE95-4638-BBC1-9B034F9EFF5F}.Release|x64.Build.0 = Release|Any CPU
		{31702692-BE95-4638-BBC1-9B034F9EFF5F}.Release|x86.ActiveCfg = Release|Any CPU
		{31702692-BE95-4638-BBC1-9B034F9EFF5F}.Release|x86.Build.0 = Release|Any CPU
		{F92E3341-568D-47D3-B3E8-3108BCF3AC44}.Debug|Any CPU.ActiveCfg = Debug|Any CPU
		{F92E3341-568D-47D3-B3E8-3108BCF3AC44}.Debug|Any CPU.Build.0 = Debug|Any CPU
		{F92E3341-568D-47D3-B3E8-3108BCF3AC44}.Debug|x64.ActiveCfg = Debug|Any CPU
		{F92E3341-568D-47D3-B3E8-3108BCF3AC44}.Debug|x64.Build.0 = Debug|Any CPU
		{F92E3341-568D-47D3-B3E8-3108BCF3AC44}.Debug|x86.ActiveCfg = Debug|Any CPU
		{F92E3341-568D-47D3-B3E8-3108BCF3AC44}.Debug|x86.Build.0 = Debug|Any CPU
		{F92E3341-568D-47D3-B3E8-3108BCF3AC44}.Release|Any CPU.ActiveCfg = Release|Any CPU
		{F92E3341-568D-47D3-B3E8-3108BCF3AC44}.Release|Any CPU.Build.0 = Release|Any CPU
		{F92E3341-568D-47D3-B3E8-3108BCF3AC44}.Release|x64.ActiveCfg = Release|Any CPU
		{F92E3341-568D-47D3-B3E8-3108BCF3AC44}.Release|x64.Build.0 = Release|Any CPU
		{F92E3341-568D-47D3-B3E8-3108BCF3AC44}.Release|x86.ActiveCfg = Release|Any CPU
		{F92E3341-568D-47D3-B3E8-3108BCF3AC44}.Release|x86.Build.0 = Release|Any CPU
		{F7716F2A-E7EA-4572-AB19-4C3B0A714D97}.Debug|Any CPU.ActiveCfg = Debug|Any CPU
		{F7716F2A-E7EA-4572-AB19-4C3B0A714D97}.Debug|Any CPU.Build.0 = Debug|Any CPU
		{F7716F2A-E7EA-4572-AB19-4C3B0A714D97}.Debug|x64.ActiveCfg = Debug|Any CPU
		{F7716F2A-E7EA-4572-AB19-4C3B0A714D97}.Debug|x64.Build.0 = Debug|Any CPU
		{F7716F2A-E7EA-4572-AB19-4C3B0A714D97}.Debug|x86.ActiveCfg = Debug|Any CPU
		{F7716F2A-E7EA-4572-AB19-4C3B0A714D97}.Debug|x86.Build.0 = Debug|Any CPU
		{F7716F2A-E7EA-4572-AB19-4C3B0A714D97}.Release|Any CPU.ActiveCfg = Release|Any CPU
		{F7716F2A-E7EA-4572-AB19-4C3B0A714D97}.Release|Any CPU.Build.0 = Release|Any CPU
		{F7716F2A-E7EA-4572-AB19-4C3B0A714D97}.Release|x64.ActiveCfg = Release|Any CPU
		{F7716F2A-E7EA-4572-AB19-4C3B0A714D97}.Release|x64.Build.0 = Release|Any CPU
		{F7716F2A-E7EA-4572-AB19-4C3B0A714D97}.Release|x86.ActiveCfg = Release|Any CPU
		{F7716F2A-E7EA-4572-AB19-4C3B0A714D97}.Release|x86.Build.0 = Release|Any CPU
		{9DC03EB8-9511-4317-884D-25C668DB73C5}.Debug|Any CPU.ActiveCfg = Debug|Any CPU
		{9DC03EB8-9511-4317-884D-25C668DB73C5}.Debug|Any CPU.Build.0 = Debug|Any CPU
		{9DC03EB8-9511-4317-884D-25C668DB73C5}.Debug|x64.ActiveCfg = Debug|Any CPU
		{9DC03EB8-9511-4317-884D-25C668DB73C5}.Debug|x64.Build.0 = Debug|Any CPU
		{9DC03EB8-9511-4317-884D-25C668DB73C5}.Debug|x86.ActiveCfg = Debug|Any CPU
		{9DC03EB8-9511-4317-884D-25C668DB73C5}.Debug|x86.Build.0 = Debug|Any CPU
		{9DC03EB8-9511-4317-884D-25C668DB73C5}.Release|Any CPU.ActiveCfg = Release|Any CPU
		{9DC03EB8-9511-4317-884D-25C668DB73C5}.Release|Any CPU.Build.0 = Release|Any CPU
		{9DC03EB8-9511-4317-884D-25C668DB73C5}.Release|x64.ActiveCfg = Release|Any CPU
		{9DC03EB8-9511-4317-884D-25C668DB73C5}.Release|x64.Build.0 = Release|Any CPU
		{9DC03EB8-9511-4317-884D-25C668DB73C5}.Release|x86.ActiveCfg = Release|Any CPU
		{9DC03EB8-9511-4317-884D-25C668DB73C5}.Release|x86.Build.0 = Release|Any CPU
	EndGlobalSection
EndGlobal
