
Microsoft Visual Studio Solution File, Format Version 12.00
# Visual Studio 15
VisualStudioVersion = 15.0.26124.0
MinimumVisualStudioVersion = 15.0.26124.0
Project("{FAE04EC0-301F-11D3-BF4B-00C04F79EFBC}") = "Xyz.Address.Api", "Xyz.Address.Api\Xyz.Address.Api.csproj", "{3389FAAA-F839-4402-A507-9615D4BC0F3D}"
EndProject
Project("{FAE04EC0-301F-11D3-BF4B-00C04F79EFBC}") = "Xyz.Address.Dbx", "Xyz.Address.Dbx\Xyz.Address.Dbx.csproj", "{0B81DE55-DF17-4093-9024-B49CD854900F}"
EndProject
Project("{FAE04EC0-301F-11D3-BF4B-00C04F79EFBC}") = "Xyz.Address.Lib", "Xyz.Address.Lib\Xyz.Address.Lib.csproj", "{EA843C54-3CD1-445C-83D0-BDB93C1B86A4}"
EndProject
Project("{FAE04EC0-301F-11D3-BF4B-00C04F79EFBC}") = "Xyz.Address.Tests", "Xyz.Address.Tests\Xyz.Address.Tests.csproj", "{35E79BA0-995F-406E-97C7-2AFCAFF6D36B}"
EndProject
Global
	GlobalSection(SolutionConfigurationPlatforms) = preSolution
		Debug|Any CPU = Debug|Any CPU
		Debug|x64 = Debug|x64
		Debug|x86 = Debug|x86
		Release|Any CPU = Release|Any CPU
		Release|x64 = Release|x64
		Release|x86 = Release|x86
	EndGlobalSection
	GlobalSection(SolutionProperties) = preSolution
		HideSolutionNode = FALSE
	EndGlobalSection
	GlobalSection(ProjectConfigurationPlatforms) = postSolution
		{3389FAAA-F839-4402-A507-9615D4BC0F3D}.Debug|Any CPU.ActiveCfg = Debug|Any CPU
		{3389FAAA-F839-4402-A507-9615D4BC0F3D}.Debug|Any CPU.Build.0 = Debug|Any CPU
		{3389FAAA-F839-4402-A507-9615D4BC0F3D}.Debug|x64.ActiveCfg = Debug|Any CPU
		{3389FAAA-F839-4402-A507-9615D4BC0F3D}.Debug|x64.Build.0 = Debug|Any CPU
		{3389FAAA-F839-4402-A507-9615D4BC0F3D}.Debug|x86.ActiveCfg = Debug|Any CPU
		{3389FAAA-F839-4402-A507-9615D4BC0F3D}.Debug|x86.Build.0 = Debug|Any CPU
		{3389FAAA-F839-4402-A507-9615D4BC0F3D}.Release|Any CPU.ActiveCfg = Release|Any CPU
		{3389FAAA-F839-4402-A507-9615D4BC0F3D}.Release|Any CPU.Build.0 = Release|Any CPU
		{3389FAAA-F839-4402-A507-9615D4BC0F3D}.Release|x64.ActiveCfg = Release|Any CPU
		{3389FAAA-F839-4402-A507-9615D4BC0F3D}.Release|x64.Build.0 = Release|Any CPU
		{3389FAAA-F839-4402-A507-9615D4BC0F3D}.Release|x86.ActiveCfg = Release|Any CPU
		{3389FAAA-F839-4402-A507-9615D4BC0F3D}.Release|x86.Build.0 = Release|Any CPU
		{0B81DE55-DF17-4093-9024-B49CD854900F}.Debug|Any CPU.ActiveCfg = Debug|Any CPU
		{0B81DE55-DF17-4093-9024-B49CD854900F}.Debug|Any CPU.Build.0 = Debug|Any CPU
		{0B81DE55-DF17-4093-9024-B49CD854900F}.Debug|x64.ActiveCfg = Debug|Any CPU
		{0B81DE55-DF17-4093-9024-B49CD854900F}.Debug|x64.Build.0 = Debug|Any CPU
		{0B81DE55-DF17-4093-9024-B49CD854900F}.Debug|x86.ActiveCfg = Debug|Any CPU
		{0B81DE55-DF17-4093-9024-B49CD854900F}.Debug|x86.Build.0 = Debug|Any CPU
		{0B81DE55-DF17-4093-9024-B49CD854900F}.Release|Any CPU.ActiveCfg = Release|Any CPU
		{0B81DE55-DF17-4093-9024-B49CD854900F}.Release|Any CPU.Build.0 = Release|Any CPU
		{0B81DE55-DF17-4093-9024-B49CD854900F}.Release|x64.ActiveCfg = Release|Any CPU
		{0B81DE55-DF17-4093-9024-B49CD854900F}.Release|x64.Build.0 = Release|Any CPU
		{0B81DE55-DF17-4093-9024-B49CD854900F}.Release|x86.ActiveCfg = Release|Any CPU
		{0B81DE55-DF17-4093-9024-B49CD854900F}.Release|x86.Build.0 = Release|Any CPU
		{EA843C54-3CD1-445C-83D0-BDB93C1B86A4}.Debug|Any CPU.ActiveCfg = Debug|Any CPU
		{EA843C54-3CD1-445C-83D0-BDB93C1B86A4}.Debug|Any CPU.Build.0 = Debug|Any CPU
		{EA843C54-3CD1-445C-83D0-BDB93C1B86A4}.Debug|x64.ActiveCfg = Debug|Any CPU
		{EA843C54-3CD1-445C-83D0-BDB93C1B86A4}.Debug|x64.Build.0 = Debug|Any CPU
		{EA843C54-3CD1-445C-83D0-BDB93C1B86A4}.Debug|x86.ActiveCfg = Debug|Any CPU
		{EA843C54-3CD1-445C-83D0-BDB93C1B86A4}.Debug|x86.Build.0 = Debug|Any CPU
		{EA843C54-3CD1-445C-83D0-BDB93C1B86A4}.Release|Any CPU.ActiveCfg = Release|Any CPU
		{EA843C54-3CD1-445C-83D0-BDB93C1B86A4}.Release|Any CPU.Build.0 = Release|Any CPU
		{EA843C54-3CD1-445C-83D0-BDB93C1B86A4}.Release|x64.ActiveCfg = Release|Any CPU
		{EA843C54-3CD1-445C-83D0-BDB93C1B86A4}.Release|x64.Build.0 = Release|Any CPU
		{EA843C54-3CD1-445C-83D0-BDB93C1B86A4}.Release|x86.ActiveCfg = Release|Any CPU
		{EA843C54-3CD1-445C-83D0-BDB93C1B86A4}.Release|x86.Build.0 = Release|Any CPU
		{35E79BA0-995F-406E-97C7-2AFCAFF6D36B}.Debug|Any CPU.ActiveCfg = Debug|Any CPU
		{35E79BA0-995F-406E-97C7-2AFCAFF6D36B}.Debug|Any CPU.Build.0 = Debug|Any CPU
		{35E79BA0-995F-406E-97C7-2AFCAFF6D36B}.Debug|x64.ActiveCfg = Debug|Any CPU
		{35E79BA0-995F-406E-97C7-2AFCAFF6D36B}.Debug|x64.Build.0 = Debug|Any CPU
		{35E79BA0-995F-406E-97C7-2AFCAFF6D36B}.Debug|x86.ActiveCfg = Debug|Any CPU
		{35E79BA0-995F-406E-97C7-2AFCAFF6D36B}.Debug|x86.Build.0 = Debug|Any CPU
		{35E79BA0-995F-406E-97C7-2AFCAFF6D36B}.Release|Any CPU.ActiveCfg = Release|Any CPU
		{35E79BA0-995F-406E-97C7-2AFCAFF6D36B}.Release|Any CPU.Build.0 = Release|Any CPU
		{35E79BA0-995F-406E-97C7-2AFCAFF6D36B}.Release|x64.ActiveCfg = Release|Any CPU
		{35E79BA0-995F-406E-97C7-2AFCAFF6D36B}.Release|x64.Build.0 = Release|Any CPU
		{35E79BA0-995F-406E-97C7-2AFCAFF6D36B}.Release|x86.ActiveCfg = Release|Any CPU
		{35E79BA0-995F-406E-97C7-2AFCAFF6D36B}.Release|x86.Build.0 = Release|Any CPU
	EndGlobalSection
EndGlobal
