
Microsoft Visual Studio Solution File, Format Version 12.00
# Visual Studio Version 16
VisualStudioVersion = 16.0.29503.13
MinimumVisualStudioVersion = 15.0.26124.0
Project("{9A19103F-16F7-4668-BE54-9A1E7A4F7556}") = "Revature.Complex.Api", "Revature.Room.Api\Revature.Complex.Api.csproj", "{31702692-BE95-4638-BBC1-9B034F9EFF5F}"
EndProject
Project("{9A19103F-16F7-4668-BE54-9A1E7A4F7556}") = "Revature.Complex.Lib", "Revature.Room.Lib\Revature.Complex.Lib.csproj", "{F92E3341-568D-47D3-B3E8-3108BCF3AC44}"
EndProject
Project("{9A19103F-16F7-4668-BE54-9A1E7A4F7556}") = "Revature.Complex.DataAccess", "Revature.Room.DataAccess\Revature.Complex.DataAccess.csproj", "{F7716F2A-E7EA-4572-AB19-4C3B0A714D97}"
EndProject
Project("{9A19103F-16F7-4668-BE54-9A1E7A4F7556}") = "Revature.Complex.Tests", "Revature.Room.Tests\Revature.Complex.Tests.csproj", "{9DC03EB8-9511-4317-884D-25C668DB73C5}"
EndProject
Global
	GlobalSection(SolutionConfigurationPlatforms) = preSolution
		Debug|Any CPU = Debug|Any CPU
		Debug|x64 = Debug|x64
		Debug|x86 = Debug|x86
		Release|Any CPU = Release|Any CPU
		Release|x64 = Release|x64
		Release|x86 = Release|x86
	EndGlobalSection
	GlobalSection(ProjectConfigurationPlatforms) = postSolution
		{31702692-BE95-4638-BBC1-9B034F9EFF5F}.Debug|Any CPU.ActiveCfg = Debug|Any CPU
		{31702692-BE95-4638-BBC1-9B034F9EFF5F}.Debug|Any CPU.Build.0 = Debug|Any CPU
		{31702692-BE95-4638-BBC1-9B034F9EFF5F}.Debug|x64.ActiveCfg = Debug|Any CPU
		{31702692-BE95-4638-BBC1-9B034F9EFF5F}.Debug|x64.Build.0 = Debug|Any CPU
		{31702692-BE95-4638-BBC1-9B034F9EFF5F}.Debug|x86.ActiveCfg = Debug|Any CPU
		{31702692-BE95-4638-BBC1-9B034F9EFF5F}.Debug|x86.Build.0 = Debug|Any CPU
		{31702692-BE95-4638-BBC1-9B034F9EFF5F}.Release|Any CPU.ActiveCfg = Release|Any CPU
		{31702692-BE95-4638-BBC1-9B034F9EFF5F}.Release|Any CPU.Build.0 = Release|Any CPU
		{31702692-BE95-4638-BBC1-9B034F9EFF5F}.Release|x64.ActiveCfg = Release|Any CPU
		{31702692-BE95-4638-BBC1-9B034F9EFF5F}.Release|x64.Build.0 = Release|Any CPU
		{31702692-BE95-4638-BBC1-9B034F9EFF5F}.Release|x86.ActiveCfg = Release|Any CPU
		{31702692-BE95-4638-BBC1-9B034F9EFF5F}.Release|x86.Build.0 = Release|Any CPU
		{F92E3341-568D-47D3-B3E8-3108BCF3AC44}.Debug|Any CPU.ActiveCfg = Debug|Any CPU
		{F92E3341-568D-47D3-B3E8-3108BCF3AC44}.Debug|Any CPU.Build.0 = Debug|Any CPU
		{F92E3341-568D-47D3-B3E8-3108BCF3AC44}.Debug|x64.ActiveCfg = Debug|Any CPU
		{F92E3341-568D-47D3-B3E8-3108BCF3AC44}.Debug|x64.Build.0 = Debug|Any CPU
		{F92E3341-568D-47D3-B3E8-3108BCF3AC44}.Debug|x86.ActiveCfg = Debug|Any CPU
		{F92E3341-568D-47D3-B3E8-3108BCF3AC44}.Debug|x86.Build.0 = Debug|Any CPU
		{F92E3341-568D-47D3-B3E8-3108BCF3AC44}.Release|Any CPU.ActiveCfg = Release|Any CPU
		{F92E3341-568D-47D3-B3E8-3108BCF3AC44}.Release|Any CPU.Build.0 = Release|Any CPU
		{F92E3341-568D-47D3-B3E8-3108BCF3AC44}.Release|x64.ActiveCfg = Release|Any CPU
		{F92E3341-568D-47D3-B3E8-3108BCF3AC44}.Release|x64.Build.0 = Release|Any CPU
		{F92E3341-568D-47D3-B3E8-3108BCF3AC44}.Release|x86.ActiveCfg = Release|Any CPU
		{F92E3341-568D-47D3-B3E8-3108BCF3AC44}.Release|x86.Build.0 = Release|Any CPU
		{F7716F2A-E7EA-4572-AB19-4C3B0A714D97}.Debug|Any CPU.ActiveCfg = Debug|Any CPU
		{F7716F2A-E7EA-4572-AB19-4C3B0A714D97}.Debug|Any CPU.Build.0 = Debug|Any CPU
		{F7716F2A-E7EA-4572-AB19-4C3B0A714D97}.Debug|x64.ActiveCfg = Debug|Any CPU
		{F7716F2A-E7EA-4572-AB19-4C3B0A714D97}.Debug|x64.Build.0 = Debug|Any CPU
		{F7716F2A-E7EA-4572-AB19-4C3B0A714D97}.Debug|x86.ActiveCfg = Debug|Any CPU
		{F7716F2A-E7EA-4572-AB19-4C3B0A714D97}.Debug|x86.Build.0 = Debug|Any CPU
		{F7716F2A-E7EA-4572-AB19-4C3B0A714D97}.Release|Any CPU.ActiveCfg = Release|Any CPU
		{F7716F2A-E7EA-4572-AB19-4C3B0A714D97}.Release|Any CPU.Build.0 = Release|Any CPU
		{F7716F2A-E7EA-4572-AB19-4C3B0A714D97}.Release|x64.ActiveCfg = Release|Any CPU
		{F7716F2A-E7EA-4572-AB19-4C3B0A714D97}.Release|x64.Build.0 = Release|Any CPU
		{F7716F2A-E7EA-4572-AB19-4C3B0A714D97}.Release|x86.ActiveCfg = Release|Any CPU
		{F7716F2A-E7EA-4572-AB19-4C3B0A714D97}.Release|x86.Build.0 = Release|Any CPU
		{9DC03EB8-9511-4317-884D-25C668DB73C5}.Debug|Any CPU.ActiveCfg = Debug|Any CPU
		{9DC03EB8-9511-4317-884D-25C668DB73C5}.Debug|Any CPU.Build.0 = Debug|Any CPU
		{9DC03EB8-9511-4317-884D-25C668DB73C5}.Debug|x64.ActiveCfg = Debug|Any CPU
		{9DC03EB8-9511-4317-884D-25C668DB73C5}.Debug|x64.Build.0 = Debug|Any CPU
		{9DC03EB8-9511-4317-884D-25C668DB73C5}.Debug|x86.ActiveCfg = Debug|Any CPU
		{9DC03EB8-9511-4317-884D-25C668DB73C5}.Debug|x86.Build.0 = Debug|Any CPU
		{9DC03EB8-9511-4317-884D-25C668DB73C5}.Release|Any CPU.ActiveCfg = Release|Any CPU
		{9DC03EB8-9511-4317-884D-25C668DB73C5}.Release|Any CPU.Build.0 = Release|Any CPU
		{9DC03EB8-9511-4317-884D-25C668DB73C5}.Release|x64.ActiveCfg = Release|Any CPU
		{9DC03EB8-9511-4317-884D-25C668DB73C5}.Release|x64.Build.0 = Release|Any CPU
		{9DC03EB8-9511-4317-884D-25C668DB73C5}.Release|x86.ActiveCfg = Release|Any CPU
		{9DC03EB8-9511-4317-884D-25C668DB73C5}.Release|x86.Build.0 = Release|Any CPU
	EndGlobalSection
	GlobalSection(SolutionProperties) = preSolution
		HideSolutionNode = FALSE
	EndGlobalSection
	GlobalSection(ExtensibilityGlobals) = postSolution
		SolutionGuid = {F92FCCAD-92CF-431F-BFE9-B77351E12F87}
	EndGlobalSection
EndGlobal
